PODS:
  - Masonry (1.1.0)
  - YYCache (1.0.4)
  - YYModel (1.0.4)

DEPENDENCIES:
  - Masonry
  - YYCache
  - YYModel

SPEC REPOS:
  https://github.com/cocoapods/specs.git:
    - Masonry
    - YYCache
    - YYModel

SPEC CHECKSUMS:
  Masonry: 678fab65091a9290e40e2832a55e7ab731aad201
  YYCache: 8105b6638f5e849296c71f331ff83891a4942952
  YYModel: 2a7fdd96aaa4b86a824e26d0c517de8928c04b30

PODFILE CHECKSUM: fc55fc12e0ce35d3eb4f9a38e533026824c533be

COCOAPODS: 1.6.1
