// !$*UTF8*$!
{
	archiveVersion = 1;
	classes = {
	};
	objectVersion = 50;
	objects = {

/* Begin PBXBuildFile section */
		16B9DF9DB02964FC24F1E485 /* libPods-YNCommonUtilsDemo.a in Frameworks */ = {isa = PBXBuildFile; fileRef = 3BE16C0A7B01E96E9180F35E /* libPods-YNCommonUtilsDemo.a */; };
		B43D04F722C0615B0005F431 /* YNPickerView.m in Sources */ = {isa = PBXBuildFile; fileRef = B43D04F522C0615B0005F431 /* YNPickerView.m */; };
		B4E3E44622BCDC7A00209ED1 /* AppDelegate.m in Sources */ = {isa = PBXBuildFile; fileRef = B4E3E44522BCDC7A00209ED1 /* AppDelegate.m */; };
		B4E3E44922BCDC7A00209ED1 /* ViewController.m in Sources */ = {isa = PBXBuildFile; fileRef = B4E3E44822BCDC7A00209ED1 /* ViewController.m */; };
		B4E3E44C22BCDC7A00209ED1 /* Main.storyboard in Resources */ = {isa = PBXBuildFile; fileRef = B4E3E44A22BCDC7A00209ED1 /* Main.storyboard */; };
		B4E3E44E22BCDC7B00209ED1 /* Assets.xcassets in Resources */ = {isa = PBXBuildFile; fileRef = B4E3E44D22BCDC7B00209ED1 /* Assets.xcassets */; };
		B4E3E45122BCDC7B00209ED1 /* LaunchScreen.storyboard in Resources */ = {isa = PBXBuildFile; fileRef = B4E3E44F22BCDC7B00209ED1 /* LaunchScreen.storyboard */; };
		B4E3E45422BCDC7B00209ED1 /* main.m in Sources */ = {isa = PBXBuildFile; fileRef = B4E3E45322BCDC7B00209ED1 /* main.m */; };
		B4E3E45E22BCDC7B00209ED1 /* YNCommonUtilsDemoTests.m in Sources */ = {isa = PBXBuildFile; fileRef = B4E3E45D22BCDC7B00209ED1 /* YNCommonUtilsDemoTests.m */; };
		B4E3E46922BCDC7B00209ED1 /* YNCommonUtilsDemoUITests.m in Sources */ = {isa = PBXBuildFile; fileRef = B4E3E46822BCDC7B00209ED1 /* YNCommonUtilsDemoUITests.m */; };
		B4E3E4B222BCF3BC00209ED1 /* YNCDatePickerView.m in Sources */ = {isa = PBXBuildFile; fileRef = B4E3E49B22BCF3BC00209ED1 /* YNCDatePickerView.m */; };
		B4E3E4B322BCF3BC00209ED1 /* YNCBanner.m in Sources */ = {isa = PBXBuildFile; fileRef = B4E3E49C22BCF3BC00209ED1 /* YNCBanner.m */; };
		B4E3E4B422BCF3BC00209ED1 /* YNCAlignCellFlowLayout.m in Sources */ = {isa = PBXBuildFile; fileRef = B4E3E4A122BCF3BC00209ED1 /* YNCAlignCellFlowLayout.m */; };
		B4E3E4B522BCF3BC00209ED1 /* UIView+YNRound.m in Sources */ = {isa = PBXBuildFile; fileRef = B4E3E4A522BCF3BC00209ED1 /* UIView+YNRound.m */; };
		B4E3E4B622BCF3BC00209ED1 /* UIView+YNC.m in Sources */ = {isa = PBXBuildFile; fileRef = B4E3E4A622BCF3BC00209ED1 /* UIView+YNC.m */; };
		B4E3E4B722BCF3BC00209ED1 /* NSArray+YNOrder.m in Sources */ = {isa = PBXBuildFile; fileRef = B4E3E4A922BCF3BC00209ED1 /* NSArray+YNOrder.m */; };
		B4E3E4B822BCF3BC00209ED1 /* NSDate+YNExtension.m in Sources */ = {isa = PBXBuildFile; fileRef = B4E3E4AA22BCF3BC00209ED1 /* NSDate+YNExtension.m */; };
		B4E3E4B922BCF3BC00209ED1 /* NSDate+YNC.m in Sources */ = {isa = PBXBuildFile; fileRef = B4E3E4AB22BCF3BC00209ED1 /* NSDate+YNC.m */; };
		B4E3E4BA22BCF3BC00209ED1 /* UIView+YNFlash.m in Sources */ = {isa = PBXBuildFile; fileRef = B4E3E4AE22BCF3BC00209ED1 /* UIView+YNFlash.m */; };
		B4E3E4BB22BCF3BC00209ED1 /* NSArray+YNC.m in Sources */ = {isa = PBXBuildFile; fileRef = B4E3E4AF22BCF3BC00209ED1 /* NSArray+YNC.m */; };
/* End PBXBuildFile section */

/* Begin PBXContainerItemProxy section */
		B4E3E45A22BCDC7B00209ED1 /* PBXContainerItemProxy */ = {
			isa = PBXContainerItemProxy;
			containerPortal = B4E3E43922BCDC7A00209ED1 /* Project object */;
			proxyType = 1;
			remoteGlobalIDString = B4E3E44022BCDC7A00209ED1;
			remoteInfo = YNCommonUtilsDemo;
		};
		B4E3E46522BCDC7B00209ED1 /* PBXContainerItemProxy */ = {
			isa = PBXContainerItemProxy;
			containerPortal = B4E3E43922BCDC7A00209ED1 /* Project object */;
			proxyType = 1;
			remoteGlobalIDString = B4E3E44022BCDC7A00209ED1;
			remoteInfo = YNCommonUtilsDemo;
		};
/* End PBXContainerItemProxy section */

/* Begin PBXFileReference section */
		281ECE6D43656A0FCB4F96E5 /* Pods-YNCommonUtilsDemo.release.xcconfig */ = {isa = PBXFileReference; includeInIndex = 1; lastKnownFileType = text.xcconfig; name = "Pods-YNCommonUtilsDemo.release.xcconfig"; path = "Target Support Files/Pods-YNCommonUtilsDemo/Pods-YNCommonUtilsDemo.release.xcconfig"; sourceTree = "<group>"; };
		3BE16C0A7B01E96E9180F35E /* libPods-YNCommonUtilsDemo.a */ = {isa = PBXFileReference; explicitFileType = archive.ar; includeInIndex = 0; path = "libPods-YNCommonUtilsDemo.a"; sourceTree = BUILT_PRODUCTS_DIR; };
		B43D04F522C0615B0005F431 /* YNPickerView.m */ = {isa = PBXFileReference; fileEncoding = 4; lastKnownFileType = sourcecode.c.objc; path = YNPickerView.m; sourceTree = "<group>"; };
		B43D04F622C0615B0005F431 /* YNPickerView.h */ = {isa = PBXFileReference; fileEncoding = 4; lastKnownFileType = sourcecode.c.h; path = YNPickerView.h; sourceTree = "<group>"; };
		B4E3E44122BCDC7A00209ED1 /* YNCommonUtilsDemo.app */ = {isa = PBXFileReference; explicitFileType = wrapper.application; includeInIndex = 0; path = YNCommonUtilsDemo.app; sourceTree = BUILT_PRODUCTS_DIR; };
		B4E3E44422BCDC7A00209ED1 /* AppDelegate.h */ = {isa = PBXFileReference; lastKnownFileType = sourcecode.c.h; path = AppDelegate.h; sourceTree = "<group>"; };
		B4E3E44522BCDC7A00209ED1 /* AppDelegate.m */ = {isa = PBXFileReference; lastKnownFileType = sourcecode.c.objc; path = AppDelegate.m; sourceTree = "<group>"; };
		B4E3E44722BCDC7A00209ED1 /* ViewController.h */ = {isa = PBXFileReference; lastKnownFileType = sourcecode.c.h; path = ViewController.h; sourceTree = "<group>"; };
		B4E3E44822BCDC7A00209ED1 /* ViewController.m */ = {isa = PBXFileReference; lastKnownFileType = sourcecode.c.objc; path = ViewController.m; sourceTree = "<group>"; };
		B4E3E44B22BCDC7A00209ED1 /* Base */ = {isa = PBXFileReference; lastKnownFileType = file.storyboard; name = Base; path = Base.lproj/Main.storyboard; sourceTree = "<group>"; };
		B4E3E44D22BCDC7B00209ED1 /* Assets.xcassets */ = {isa = PBXFileReference; lastKnownFileType = folder.assetcatalog; path = Assets.xcassets; sourceTree = "<group>"; };
		B4E3E45022BCDC7B00209ED1 /* Base */ = {isa = PBXFileReference; lastKnownFileType = file.storyboard; name = Base; path = Base.lproj/LaunchScreen.storyboard; sourceTree = "<group>"; };
		B4E3E45222BCDC7B00209ED1 /* Info.plist */ = {isa = PBXFileReference; lastKnownFileType = text.plist.xml; path = Info.plist; sourceTree = "<group>"; };
		B4E3E45322BCDC7B00209ED1 /* main.m */ = {isa = PBXFileReference; lastKnownFileType = sourcecode.c.objc; path = main.m; sourceTree = "<group>"; };
		B4E3E45922BCDC7B00209ED1 /* YNCommonUtilsDemoTests.xctest */ = {isa = PBXFileReference; explicitFileType = wrapper.cfbundle; includeInIndex = 0; path = YNCommonUtilsDemoTests.xctest; sourceTree = BUILT_PRODUCTS_DIR; };
		B4E3E45D22BCDC7B00209ED1 /* YNCommonUtilsDemoTests.m */ = {isa = PBXFileReference; lastKnownFileType = sourcecode.c.objc; path = YNCommonUtilsDemoTests.m; sourceTree = "<group>"; };
		B4E3E45F22BCDC7B00209ED1 /* Info.plist */ = {isa = PBXFileReference; lastKnownFileType = text.plist.xml; path = Info.plist; sourceTree = "<group>"; };
		B4E3E46422BCDC7B00209ED1 /* YNCommonUtilsDemoUITests.xctest */ = {isa = PBXFileReference; explicitFileType = wrapper.cfbundle; includeInIndex = 0; path = YNCommonUtilsDemoUITests.xctest; sourceTree = BUILT_PRODUCTS_DIR; };
		B4E3E46822BCDC7B00209ED1 /* YNCommonUtilsDemoUITests.m */ = {isa = PBXFileReference; lastKnownFileType = sourcecode.c.objc; path = YNCommonUtilsDemoUITests.m; sourceTree = "<group>"; };
		B4E3E46A22BCDC7B00209ED1 /* Info.plist */ = {isa = PBXFileReference; lastKnownFileType = text.plist.xml; path = Info.plist; sourceTree = "<group>"; };
		B4E3E49A22BCF3BC00209ED1 /* YNCBanner.h */ = {isa = PBXFileReference; fileEncoding = 4; lastKnownFileType = sourcecode.c.h; path = YNCBanner.h; sourceTree = "<group>"; };
		B4E3E49B22BCF3BC00209ED1 /* YNCDatePickerView.m */ = {isa = PBXFileReference; fileEncoding = 4; lastKnownFileType = sourcecode.c.objc; path = YNCDatePickerView.m; sourceTree = "<group>"; };
		B4E3E49C22BCF3BC00209ED1 /* YNCBanner.m */ = {isa = PBXFileReference; fileEncoding = 4; lastKnownFileType = sourcecode.c.objc; path = YNCBanner.m; sourceTree = "<group>"; };
		B4E3E49D22BCF3BC00209ED1 /* YNCDatePickerView.h */ = {isa = PBXFileReference; fileEncoding = 4; lastKnownFileType = sourcecode.c.h; path = YNCDatePickerView.h; sourceTree = "<group>"; };
		B4E3E49F22BCF3BC00209ED1 /* YNCMacroHeader.h */ = {isa = PBXFileReference; fileEncoding = 4; lastKnownFileType = sourcecode.c.h; path = YNCMacroHeader.h; sourceTree = "<group>"; };
		B4E3E4A122BCF3BC00209ED1 /* YNCAlignCellFlowLayout.m */ = {isa = PBXFileReference; fileEncoding = 4; lastKnownFileType = sourcecode.c.objc; path = YNCAlignCellFlowLayout.m; sourceTree = "<group>"; };
		B4E3E4A222BCF3BC00209ED1 /* YNCAlignCellFlowLayout.h */ = {isa = PBXFileReference; fileEncoding = 4; lastKnownFileType = sourcecode.c.h; path = YNCAlignCellFlowLayout.h; sourceTree = "<group>"; };
		B4E3E4A422BCF3BC00209ED1 /* NSDate+YNC.h */ = {isa = PBXFileReference; fileEncoding = 4; lastKnownFileType = sourcecode.c.h; path = "NSDate+YNC.h"; sourceTree = "<group>"; };
		B4E3E4A522BCF3BC00209ED1 /* UIView+YNRound.m */ = {isa = PBXFileReference; fileEncoding = 4; lastKnownFileType = sourcecode.c.objc; path = "UIView+YNRound.m"; sourceTree = "<group>"; };
		B4E3E4A622BCF3BC00209ED1 /* UIView+YNC.m */ = {isa = PBXFileReference; fileEncoding = 4; lastKnownFileType = sourcecode.c.objc; path = "UIView+YNC.m"; sourceTree = "<group>"; };
		B4E3E4A722BCF3BC00209ED1 /* NSArray+YNC.h */ = {isa = PBXFileReference; fileEncoding = 4; lastKnownFileType = sourcecode.c.h; path = "NSArray+YNC.h"; sourceTree = "<group>"; };
		B4E3E4A822BCF3BC00209ED1 /* UIView+YNFlash.h */ = {isa = PBXFileReference; fileEncoding = 4; lastKnownFileType = sourcecode.c.h; path = "UIView+YNFlash.h"; sourceTree = "<group>"; };
		B4E3E4A922BCF3BC00209ED1 /* NSArray+YNOrder.m */ = {isa = PBXFileReference; fileEncoding = 4; lastKnownFileType = sourcecode.c.objc; path = "NSArray+YNOrder.m"; sourceTree = "<group>"; };
		B4E3E4AA22BCF3BC00209ED1 /* NSDate+YNExtension.m */ = {isa = PBXFileReference; fileEncoding = 4; lastKnownFileType = sourcecode.c.objc; path = "NSDate+YNExtension.m"; sourceTree = "<group>"; };
		B4E3E4AB22BCF3BC00209ED1 /* NSDate+YNC.m */ = {isa = PBXFileReference; fileEncoding = 4; lastKnownFileType = sourcecode.c.objc; path = "NSDate+YNC.m"; sourceTree = "<group>"; };
		B4E3E4AC22BCF3BC00209ED1 /* UIView+YNC.h */ = {isa = PBXFileReference; fileEncoding = 4; lastKnownFileType = sourcecode.c.h; path = "UIView+YNC.h"; sourceTree = "<group>"; };
		B4E3E4AD22BCF3BC00209ED1 /* UIView+YNRound.h */ = {isa = PBXFileReference; fileEncoding = 4; lastKnownFileType = sourcecode.c.h; path = "UIView+YNRound.h"; sourceTree = "<group>"; };
		B4E3E4AE22BCF3BC00209ED1 /* UIView+YNFlash.m */ = {isa = PBXFileReference; fileEncoding = 4; lastKnownFileType = sourcecode.c.objc; path = "UIView+YNFlash.m"; sourceTree = "<group>"; };
		B4E3E4AF22BCF3BC00209ED1 /* NSArray+YNC.m */ = {isa = PBXFileReference; fileEncoding = 4; lastKnownFileType = sourcecode.c.objc; path = "NSArray+YNC.m"; sourceTree = "<group>"; };
		B4E3E4B022BCF3BC00209ED1 /* NSArray+YNOrder.h */ = {isa = PBXFileReference; fileEncoding = 4; lastKnownFileType = sourcecode.c.h; path = "NSArray+YNOrder.h"; sourceTree = "<group>"; };
		B4E3E4B122BCF3BC00209ED1 /* NSDate+YNExtension.h */ = {isa = PBXFileReference; fileEncoding = 4; lastKnownFileType = sourcecode.c.h; path = "NSDate+YNExtension.h"; sourceTree = "<group>"; };
		CCEB5F1216FACF631B6EFA8C /* Pods-YNCommonUtilsDemo.debug.xcconfig */ = {isa = PBXFileReference; includeInIndex = 1; lastKnownFileType = text.xcconfig; name = "Pods-YNCommonUtilsDemo.debug.xcconfig"; path = "Target Support Files/Pods-YNCommonUtilsDemo/Pods-YNCommonUtilsDemo.debug.xcconfig"; sourceTree = "<group>"; };
/* End PBXFileReference section */

/* Begin PBXFrameworksBuildPhase section */
		B4E3E43E22BCDC7A00209ED1 /* Frameworks */ = {
			isa = PBXFrameworksBuildPhase;
			buildActionMask = 2147483647;
			files = (
				16B9DF9DB02964FC24F1E485 /* libPods-YNCommonUtilsDemo.a in Frameworks */,
			);
			runOnlyForDeploymentPostprocessing = 0;
		};
		B4E3E45622BCDC7B00209ED1 /* Frameworks */ = {
			isa = PBXFrameworksBuildPhase;
			buildActionMask = 2147483647;
			files = (
			);
			runOnlyForDeploymentPostprocessing = 0;
		};
		B4E3E46122BCDC7B00209ED1 /* Frameworks */ = {
			isa = PBXFrameworksBuildPhase;
			buildActionMask = 2147483647;
			files = (
			);
			runOnlyForDeploymentPostprocessing = 0;
		};
/* End PBXFrameworksBuildPhase section */

/* Begin PBXGroup section */
		60B86842861CD596A9ABC913 /* Pods */ = {
			isa = PBXGroup;
			children = (
				CCEB5F1216FACF631B6EFA8C /* Pods-YNCommonUtilsDemo.debug.xcconfig */,
				281ECE6D43656A0FCB4F96E5 /* Pods-YNCommonUtilsDemo.release.xcconfig */,
			);
			path = Pods;
			sourceTree = "<group>";
		};
		B4E3E43822BCDC7A00209ED1 = {
			isa = PBXGroup;
			children = (
				B4E3E44322BCDC7A00209ED1 /* YNCommonUtilsDemo */,
				B4E3E45C22BCDC7B00209ED1 /* YNCommonUtilsDemoTests */,
				B4E3E46722BCDC7B00209ED1 /* YNCommonUtilsDemoUITests */,
				B4E3E44222BCDC7A00209ED1 /* Products */,
				60B86842861CD596A9ABC913 /* Pods */,
				DB9527C8D6993EA43FEB93DD /* Frameworks */,
			);
			sourceTree = "<group>";
		};
		B4E3E44222BCDC7A00209ED1 /* Products */ = {
			isa = PBXGroup;
			children = (
				B4E3E44122BCDC7A00209ED1 /* YNCommonUtilsDemo.app */,
				B4E3E45922BCDC7B00209ED1 /* YNCommonUtilsDemoTests.xctest */,
				B4E3E46422BCDC7B00209ED1 /* YNCommonUtilsDemoUITests.xctest */,
			);
			name = Products;
			sourceTree = "<group>";
		};
		B4E3E44322BCDC7A00209ED1 /* YNCommonUtilsDemo */ = {
			isa = PBXGroup;
			children = (
				B4E3E4A322BCF3BC00209ED1 /* Category */,
				B4E3E4A022BCF3BC00209ED1 /* FlowLayout */,
				B4E3E49E22BCF3BC00209ED1 /* Macro */,
				B4E3E49922BCF3BC00209ED1 /* View */,
				B4E3E44422BCDC7A00209ED1 /* AppDelegate.h */,
				B4E3E44522BCDC7A00209ED1 /* AppDelegate.m */,
				B4E3E44722BCDC7A00209ED1 /* ViewController.h */,
				B4E3E44822BCDC7A00209ED1 /* ViewController.m */,
				B4E3E44A22BCDC7A00209ED1 /* Main.storyboard */,
				B4E3E44D22BCDC7B00209ED1 /* Assets.xcassets */,
				B4E3E44F22BCDC7B00209ED1 /* LaunchScreen.storyboard */,
				B4E3E45222BCDC7B00209ED1 /* Info.plist */,
				B4E3E45322BCDC7B00209ED1 /* main.m */,
			);
			path = YNCommonUtilsDemo;
			sourceTree = "<group>";
		};
		B4E3E45C22BCDC7B00209ED1 /* YNCommonUtilsDemoTests */ = {
			isa = PBXGroup;
			children = (
				B4E3E45D22BCDC7B00209ED1 /* YNCommonUtilsDemoTests.m */,
				B4E3E45F22BCDC7B00209ED1 /* Info.plist */,
			);
			path = YNCommonUtilsDemoTests;
			sourceTree = "<group>";
		};
		B4E3E46722BCDC7B00209ED1 /* YNCommonUtilsDemoUITests */ = {
			isa = PBXGroup;
			children = (
				B4E3E46822BCDC7B00209ED1 /* YNCommonUtilsDemoUITests.m */,
				B4E3E46A22BCDC7B00209ED1 /* Info.plist */,
			);
			path = YNCommonUtilsDemoUITests;
			sourceTree = "<group>";
		};
		B4E3E49922BCF3BC00209ED1 /* View */ = {
			isa = PBXGroup;
			children = (
				B43D04F622C0615B0005F431 /* YNPickerView.h */,
				B43D04F522C0615B0005F431 /* YNPickerView.m */,
				B4E3E49A22BCF3BC00209ED1 /* YNCBanner.h */,
				B4E3E49C22BCF3BC00209ED1 /* YNCBanner.m */,
				B4E3E49D22BCF3BC00209ED1 /* YNCDatePickerView.h */,
				B4E3E49B22BCF3BC00209ED1 /* YNCDatePickerView.m */,
			);
			name = View;
			path = ../../YNCommonUtils/View;
			sourceTree = "<group>";
		};
		B4E3E49E22BCF3BC00209ED1 /* Macro */ = {
			isa = PBXGroup;
			children = (
				B4E3E49F22BCF3BC00209ED1 /* YNCMacroHeader.h */,
			);
			name = Macro;
			path = ../../YNCommonUtils/Macro;
			sourceTree = "<group>";
		};
		B4E3E4A022BCF3BC00209ED1 /* FlowLayout */ = {
			isa = PBXGroup;
			children = (
				B4E3E4A222BCF3BC00209ED1 /* YNCAlignCellFlowLayout.h */,
				B4E3E4A122BCF3BC00209ED1 /* YNCAlignCellFlowLayout.m */,
			);
			name = FlowLayout;
			path = ../../YNCommonUtils/FlowLayout;
			sourceTree = "<group>";
		};
		B4E3E4A322BCF3BC00209ED1 /* Category */ = {
			isa = PBXGroup;
			children = (
				B4E3E4A422BCF3BC00209ED1 /* NSDate+YNC.h */,
				B4E3E4AB22BCF3BC00209ED1 /* NSDate+YNC.m */,
				B4E3E4B122BCF3BC00209ED1 /* NSDate+YNExtension.h */,
				B4E3E4AA22BCF3BC00209ED1 /* NSDate+YNExtension.m */,
				B4E3E4AC22BCF3BC00209ED1 /* UIView+YNC.h */,
				B4E3E4A622BCF3BC00209ED1 /* UIView+YNC.m */,
				B4E3E4AD22BCF3BC00209ED1 /* UIView+YNRound.h */,
				B4E3E4A522BCF3BC00209ED1 /* UIView+YNRound.m */,
				B4E3E4A822BCF3BC00209ED1 /* UIView+YNFlash.h */,
				B4E3E4AE22BCF3BC00209ED1 /* UIView+YNFlash.m */,
				B4E3E4A722BCF3BC00209ED1 /* NSArray+YNC.h */,
				B4E3E4AF22BCF3BC00209ED1 /* NSArray+YNC.m */,
				B4E3E4B022BCF3BC00209ED1 /* NSArray+YNOrder.h */,
				B4E3E4A922BCF3BC00209ED1 /* NSArray+YNOrder.m */,
			);
			name = Category;
			path = ../../YNCommonUtils/Category;
			sourceTree = "<group>";
		};
		DB9527C8D6993EA43FEB93DD /* Frameworks */ = {
			isa = PBXGroup;
			children = (
				3BE16C0A7B01E96E9180F35E /* libPods-YNCommonUtilsDemo.a */,
			);
			name = Frameworks;
			sourceTree = "<group>";
		};
/* End PBXGroup section */

/* Begin PBXNativeTarget section */
		B4E3E44022BCDC7A00209ED1 /* YNCommonUtilsDemo */ = {
			isa = PBXNativeTarget;
			buildConfigurationList = B4E3E46D22BCDC7B00209ED1 /* Build configuration list for PBXNativeTarget "YNCommonUtilsDemo" */;
			buildPhases = (
				5E314E60A6AEB41A7F2B49CA /* [CP] Check Pods Manifest.lock */,
				B4E3E43D22BCDC7A00209ED1 /* Sources */,
				B4E3E43E22BCDC7A00209ED1 /* Frameworks */,
				B4E3E43F22BCDC7A00209ED1 /* Resources */,
			);
			buildRules = (
			);
			dependencies = (
			);
			name = YNCommonUtilsDemo;
			productName = YNCommonUtilsDemo;
			productReference = B4E3E44122BCDC7A00209ED1 /* YNCommonUtilsDemo.app */;
			productType = "com.apple.product-type.application";
		};
		B4E3E45822BCDC7B00209ED1 /* YNCommonUtilsDemoTests */ = {
			isa = PBXNativeTarget;
			buildConfigurationList = B4E3E47022BCDC7B00209ED1 /* Build configuration list for PBXNativeTarget "YNCommonUtilsDemoTests" */;
			buildPhases = (
				B4E3E45522BCDC7B00209ED1 /* Sources */,
				B4E3E45622BCDC7B00209ED1 /* Frameworks */,
				B4E3E45722BCDC7B00209ED1 /* Resources */,
			);
			buildRules = (
			);
			dependencies = (
				B4E3E45B22BCDC7B00209ED1 /* PBXTargetDependency */,
			);
			name = YNCommonUtilsDemoTests;
			productName = YNCommonUtilsDemoTests;
			productReference = B4E3E45922BCDC7B00209ED1 /* YNCommonUtilsDemoTests.xctest */;
			productType = "com.apple.product-type.bundle.unit-test";
		};
		B4E3E46322BCDC7B00209ED1 /* YNCommonUtilsDemoUITests */ = {
			isa = PBXNativeTarget;
			buildConfigurationList = B4E3E47322BCDC7B00209ED1 /* Build configuration list for PBXNativeTarget "YNCommonUtilsDemoUITests" */;
			buildPhases = (
				B4E3E46022BCDC7B00209ED1 /* Sources */,
				B4E3E46122BCDC7B00209ED1 /* Frameworks */,
				B4E3E46222BCDC7B00209ED1 /* Resources */,
			);
			buildRules = (
			);
			dependencies = (
				B4E3E46622BCDC7B00209ED1 /* PBXTargetDependency */,
			);
			name = YNCommonUtilsDemoUITests;
			productName = YNCommonUtilsDemoUITests;
			productReference = B4E3E46422BCDC7B00209ED1 /* YNCommonUtilsDemoUITests.xctest */;
			productType = "com.apple.product-type.bundle.ui-testing";
		};
/* End PBXNativeTarget section */

/* Begin PBXProject section */
		B4E3E43922BCDC7A00209ED1 /* Project object */ = {
			isa = PBXProject;
			attributes = {
				LastUpgradeCheck = 1020;
				ORGANIZATIONNAME = liyang;
				TargetAttributes = {
					B4E3E44022BCDC7A00209ED1 = {
						CreatedOnToolsVersion = 10.2.1;
					};
					B4E3E45822BCDC7B00209ED1 = {
						CreatedOnToolsVersion = 10.2.1;
						TestTargetID = B4E3E44022BCDC7A00209ED1;
					};
					B4E3E46322BCDC7B00209ED1 = {
						CreatedOnToolsVersion = 10.2.1;
						TestTargetID = B4E3E44022BCDC7A00209ED1;
					};
				};
			};
			buildConfigurationList = B4E3E43C22BCDC7A00209ED1 /* Build configuration list for PBXProject "YNCommonUtilsDemo" */;
			compatibilityVersion = "Xcode 9.3";
			developmentRegion = en;
			hasScannedForEncodings = 0;
			knownRegions = (
				en,
				Base,
			);
			mainGroup = B4E3E43822BCDC7A00209ED1;
			productRefGroup = B4E3E44222BCDC7A00209ED1 /* Products */;
			projectDirPath = "";
			projectRoot = "";
			targets = (
				B4E3E44022BCDC7A00209ED1 /* YNCommonUtilsDemo */,
				B4E3E45822BCDC7B00209ED1 /* YNCommonUtilsDemoTests */,
				B4E3E46322BCDC7B00209ED1 /* YNCommonUtilsDemoUITests */,
			);
		};
/* End PBXProject section */

/* Begin PBXResourcesBuildPhase section */
		B4E3E43F22BCDC7A00209ED1 /* Resources */ = {
			isa = PBXResourcesBuildPhase;
			buildActionMask = 2147483647;
			files = (
				B4E3E45122BCDC7B00209ED1 /* LaunchScreen.storyboard in Resources */,
				B4E3E44E22BCDC7B00209ED1 /* Assets.xcassets in Resources */,
				B4E3E44C22BCDC7A00209ED1 /* Main.storyboard in Resources */,
			);
			runOnlyForDeploymentPostprocessing = 0;
		};
		B4E3E45722BCDC7B00209ED1 /* Resources */ = {
			isa = PBXResourcesBuildPhase;
			buildActionMask = 2147483647;
			files = (
			);
			runOnlyForDeploymentPostprocessing = 0;
		};
		B4E3E46222BCDC7B00209ED1 /* Resources */ = {
			isa = PBXResourcesBuildPhase;
			buildActionMask = 2147483647;
			files = (
			);
			runOnlyForDeploymentPostprocessing = 0;
		};
/* End PBXResourcesBuildPhase section */

/* Begin PBXShellScriptBuildPhase section */
		5E314E60A6AEB41A7F2B49CA /* [CP] Check Pods Manifest.lock */ = {
			isa = PBXShellScriptBuildPhase;
			buildActionMask = 2147483647;
			files = (
			);
			inputFileListPaths = (
			);
			inputPaths = (
				"${PODS_PODFILE_DIR_PATH}/Podfile.lock",
				"${PODS_ROOT}/Manifest.lock",
			);
			name = "[CP] Check Pods Manifest.lock";
			outputFileListPaths = (
			);
			outputPaths = (
				"$(DERIVED_FILE_DIR)/Pods-YNCommonUtilsDemo-checkManifestLockResult.txt",
			);
			runOnlyForDeploymentPostprocessing = 0;
			shellPath = /bin/sh;
			shellScript = "diff \"${PODS_PODFILE_DIR_PATH}/Podfile.lock\" \"${PODS_ROOT}/Manifest.lock\" > /dev/null\nif [ $? != 0 ] ; then\n    # print error to STDERR\n    echo \"error: The sandbox is not in sync with the Podfile.lock. Run 'pod install' or update your CocoaPods installation.\" >&2\n    exit 1\nfi\n# This output is used by Xcode 'outputs' to avoid re-running this script phase.\necho \"SUCCESS\" > \"${SCRIPT_OUTPUT_FILE_0}\"\n";
			showEnvVarsInLog = 0;
		};
/* End PBXShellScriptBuildPhase section */

/* Begin PBXSourcesBuildPhase section */
		B4E3E43D22BCDC7A00209ED1 /* Sources */ = {
			isa = PBXSourcesBuildPhase;
			buildActionMask = 2147483647;
			files = (
				B4E3E4B522BCF3BC00209ED1 /* UIView+YNRound.m in Sources */,
				B4E3E4B322BCF3BC00209ED1 /* YNCBanner.m in Sources */,
				B4E3E4B922BCF3BC00209ED1 /* NSDate+YNC.m in Sources */,
				B4E3E44922BCDC7A00209ED1 /* ViewController.m in Sources */,
				B4E3E4B422BCF3BC00209ED1 /* YNCAlignCellFlowLayout.m in Sources */,
				B4E3E4BB22BCF3BC00209ED1 /* NSArray+YNC.m in Sources */,
				B4E3E45422BCDC7B00209ED1 /* main.m in Sources */,
				B4E3E4B722BCF3BC00209ED1 /* NSArray+YNOrder.m in Sources */,
				B4E3E4B622BCF3BC00209ED1 /* UIView+YNC.m in Sources */,
				B43D04F722C0615B0005F431 /* YNPickerView.m in Sources */,
				B4E3E4BA22BCF3BC00209ED1 /* UIView+YNFlash.m in Sources */,
				B4E3E4B822BCF3BC00209ED1 /* NSDate+YNExtension.m in Sources */,
				B4E3E44622BCDC7A00209ED1 /* AppDelegate.m in Sources */,
				B4E3E4B222BCF3BC00209ED1 /* YNCDatePickerView.m in Sources */,
			);
			runOnlyForDeploymentPostprocessing = 0;
		};
		B4E3E45522BCDC7B00209ED1 /* Sources */ = {
			isa = PBXSourcesBuildPhase;
			buildActionMask = 2147483647;
			files = (
				B4E3E45E22BCDC7B00209ED1 /* YNCommonUtilsDemoTests.m in Sources */,
			);
			runOnlyForDeploymentPostprocessing = 0;
		};
		B4E3E46022BCDC7B00209ED1 /* Sources */ = {
			isa = PBXSourcesBuildPhase;
			buildActionMask = 2147483647;
			files = (
				B4E3E46922BCDC7B00209ED1 /* YNCommonUtilsDemoUITests.m in Sources */,
			);
			runOnlyForDeploymentPostprocessing = 0;
		};
/* End PBXSourcesBuildPhase section */

/* Begin PBXTargetDependency section */
		B4E3E45B22BCDC7B00209ED1 /* PBXTargetDependency */ = {
			isa = PBXTargetDependency;
			target = B4E3E44022BCDC7A00209ED1 /* YNCommonUtilsDemo */;
			targetProxy = B4E3E45A22BCDC7B00209ED1 /* PBXContainerItemProxy */;
		};
		B4E3E46622BCDC7B00209ED1 /* PBXTargetDependency */ = {
			isa = PBXTargetDependency;
			target = B4E3E44022BCDC7A00209ED1 /* YNCommonUtilsDemo */;
			targetProxy = B4E3E46522BCDC7B00209ED1 /* PBXContainerItemProxy */;
		};
/* End PBXTargetDependency section */

/* Begin PBXVariantGroup section */
		B4E3E44A22BCDC7A00209ED1 /* Main.storyboard */ = {
			isa = PBXVariantGroup;
			children = (
				B4E3E44B22BCDC7A00209ED1 /* Base */,
			);
			name = Main.storyboard;
			sourceTree = "<group>";
		};
		B4E3E44F22BCDC7B00209ED1 /* LaunchScreen.storyboard */ = {
			isa = PBXVariantGroup;
			children = (
				B4E3E45022BCDC7B00209ED1 /* Base */,
			);
			name = LaunchScreen.storyboard;
			sourceTree = "<group>";
		};
/* End PBXVariantGroup section */

/* Begin XCBuildConfiguration section */
		B4E3E46B22BCDC7B00209ED1 /* Debug */ = {
			isa = XCBuildConfiguration;
			buildSettings = {
				ALWAYS_SEARCH_USER_PATHS = NO;
				CLANG_ANALYZER_NONNULL = YES;
				CLANG_ANALYZER_NUMBER_OBJECT_CONVERSION = YES_AGGRESSIVE;
				CLANG_CXX_LANGUAGE_STANDARD = "gnu++14";
				CLANG_CXX_LIBRARY = "libc++";
				CLANG_ENABLE_MODULES = YES;
				CLANG_ENABLE_OBJC_ARC = YES;
				CLANG_ENABLE_OBJC_WEAK = YES;
				CLANG_WARN_BLOCK_CAPTURE_AUTORELEASING = YES;
				CLANG_WARN_BOOL_CONVERSION = YES;
				CLANG_WARN_COMMA = YES;
				CLANG_WARN_CONSTANT_CONVERSION = YES;
				CLANG_WARN_DEPRECATED_OBJC_IMPLEMENTATIONS = YES;
				CLANG_WARN_DIRECT_OBJC_ISA_USAGE = YES_ERROR;
				CLANG_WARN_DOCUMENTATION_COMMENTS = YES;
				CLANG_WARN_EMPTY_BODY = YES;
				CLANG_WARN_ENUM_CONVERSION = YES;
				CLANG_WARN_INFINITE_RECURSION = YES;
				CLANG_WARN_INT_CONVERSION = YES;
				CLANG_WARN_NON_LITERAL_NULL_CONVERSION = YES;
				CLANG_WARN_OBJC_IMPLICIT_RETAIN_SELF = YES;
				CLANG_WARN_OBJC_LITERAL_CONVERSION = YES;
				CLANG_WARN_OBJC_ROOT_CLASS = YES_ERROR;
				CLANG_WARN_RANGE_LOOP_ANALYSIS = YES;
				CLANG_WARN_STRICT_PROTOTYPES = YES;
				CLANG_WARN_SUSPICIOUS_MOVE = YES;
				CLANG_WARN_UNGUARDED_AVAILABILITY = YES_AGGRESSIVE;
				CLANG_WARN_UNREACHABLE_CODE = YES;
				CLANG_WARN__DUPLICATE_METHOD_MATCH = YES;
				CODE_SIGN_IDENTITY = "iPhone Developer";
				COPY_PHASE_STRIP = NO;
				DEBUG_INFORMATION_FORMAT = dwarf;
				ENABLE_STRICT_OBJC_MSGSEND = YES;
				ENABLE_TESTABILITY = YES;
				GCC_C_LANGUAGE_STANDARD = gnu11;
				GCC_DYNAMIC_NO_PIC = NO;
				GCC_NO_COMMON_BLOCKS = YES;
				GCC_OPTIMIZATION_LEVEL = 0;
				GCC_PREPROCESSOR_DEFINITIONS = (
					"DEBUG=1",
					"$(inherited)",
				);
				GCC_WARN_64_TO_32_BIT_CONVERSION = YES;
				GCC_WARN_ABOUT_RETURN_TYPE = YES_ERROR;
				GCC_WARN_UNDECLARED_SELECTOR = YES;
				GCC_WARN_UNINITIALIZED_AUTOS = YES_AGGRESSIVE;
				GCC_WARN_UNUSED_FUNCTION = YES;
				GCC_WARN_UNUSED_VARIABLE = YES;
				IPHONEOS_DEPLOYMENT_TARGET = 12.2;
				MTL_ENABLE_DEBUG_INFO = INCLUDE_SOURCE;
				MTL_FAST_MATH = YES;
				ONLY_ACTIVE_ARCH = YES;
				SDKROOT = iphoneos;
			};
			name = Debug;
		};
		B4E3E46C22BCDC7B00209ED1 /* Release */ = {
			isa = XCBuildConfiguration;
			buildSettings = {
				ALWAYS_SEARCH_USER_PATHS = NO;
				CLANG_ANALYZER_NONNULL = YES;
				CLANG_ANALYZER_NUMBER_OBJECT_CONVERSION = YES_AGGRESSIVE;
				CLANG_CXX_LANGUAGE_STANDARD = "gnu++14";
				CLANG_CXX_LIBRARY = "libc++";
				CLANG_ENABLE_MODULES = YES;
				CLANG_ENABLE_OBJC_ARC = YES;
				CLANG_ENABLE_OBJC_WEAK = YES;
				CLANG_WARN_BLOCK_CAPTURE_AUTORELEASING = YES;
				CLANG_WARN_BOOL_CONVERSION = YES;
				CLANG_WARN_COMMA = YES;
				CLANG_WARN_CONSTANT_CONVERSION = YES;
				CLANG_WARN_DEPRECATED_OBJC_IMPLEMENTATIONS = YES;
				CLANG_WARN_DIRECT_OBJC_ISA_USAGE = YES_ERROR;
				CLANG_WARN_DOCUMENTATION_COMMENTS = YES;
				CLANG_WARN_EMPTY_BODY = YES;
				CLANG_WARN_ENUM_CONVERSION = YES;
				CLANG_WARN_INFINITE_RECURSION = YES;
				CLANG_WARN_INT_CONVERSION = YES;
				CLANG_WARN_NON_LITERAL_NULL_CONVERSION = YES;
				CLANG_WARN_OBJC_IMPLICIT_RETAIN_SELF = YES;
				CLANG_WARN_OBJC_LITERAL_CONVERSION = YES;
				CLANG_WARN_OBJC_ROOT_CLASS = YES_ERROR;
				CLANG_WARN_RANGE_LOOP_ANALYSIS = YES;
				CLANG_WARN_STRICT_PROTOTYPES = YES;
				CLANG_WARN_SUSPICIOUS_MOVE = YES;
				CLANG_WARN_UNGUARDED_AVAILABILITY = YES_AGGRESSIVE;
				CLANG_WARN_UNREACHABLE_CODE = YES;
				CLANG_WARN__DUPLICATE_METHOD_MATCH = YES;
				CODE_SIGN_IDENTITY = "iPhone Developer";
				COPY_PHASE_STRIP = NO;
				DEBUG_INFORMATION_FORMAT = "dwarf-with-dsym";
				ENABLE_NS_ASSERTIONS = NO;
				ENABLE_STRICT_OBJC_MSGSEND = YES;
				GCC_C_LANGUAGE_STANDARD = gnu11;
				GCC_NO_COMMON_BLOCKS = YES;
				GCC_WARN_64_TO_32_BIT_CONVERSION = YES;
				GCC_WARN_ABOUT_RETURN_TYPE = YES_ERROR;
				GCC_WARN_UNDECLARED_SELECTOR = YES;
				GCC_WARN_UNINITIALIZED_AUTOS = YES_AGGRESSIVE;
				GCC_WARN_UNUSED_FUNCTION = YES;
				GCC_WARN_UNUSED_VARIABLE = YES;
				IPHONEOS_DEPLOYMENT_TARGET = 12.2;
				MTL_ENABLE_DEBUG_INFO = NO;
				MTL_FAST_MATH = YES;
				SDKROOT = iphoneos;
				VALIDATE_PRODUCT = YES;
			};
			name = Release;
		};
		B4E3E46E22BCDC7B00209ED1 /* Debug */ = {
			isa = XCBuildConfiguration;
			baseConfigurationReference = CCEB5F1216FACF631B6EFA8C /* Pods-YNCommonUtilsDemo.debug.xcconfig */;
			buildSettings = {
				ASSETCATALOG_COMPILER_APPICON_NAME = AppIcon;
				CODE_SIGN_STYLE = Automatic;
				DEVELOPMENT_TEAM = D56T97Z29X;
				INFOPLIST_FILE = YNCommonUtilsDemo/Info.plist;
				LD_RUNPATH_SEARCH_PATHS = (
					"$(inherited)",
					"@executable_path/Frameworks",
				);
				PRODUCT_BUNDLE_IDENTIFIER = com.liyang.YNCommonUtilsDemo;
				PRODUCT_NAME = "$(TARGET_NAME)";
				TARGETED_DEVICE_FAMILY = "1,2";
			};
			name = Debug;
		};
		B4E3E46F22BCDC7B00209ED1 /* Release */ = {
			isa = XCBuildConfiguration;
			baseConfigurationReference = 281ECE6D43656A0FCB4F96E5 /* Pods-YNCommonUtilsDemo.release.xcconfig */;
			buildSettings = {
				ASSETCATALOG_COMPILER_APPICON_NAME = AppIcon;
				CODE_SIGN_STYLE = Automatic;
				DEVELOPMENT_TEAM = D56T97Z29X;
				INFOPLIST_FILE = YNCommonUtilsDemo/Info.plist;
				LD_RUNPATH_SEARCH_PATHS = (
					"$(inherited)",
					"@executable_path/Frameworks",
				);
				PRODUCT_BUNDLE_IDENTIFIER = com.liyang.YNCommonUtilsDemo;
				PRODUCT_NAME = "$(TARGET_NAME)";
				TARGETED_DEVICE_FAMILY = "1,2";
			};
			name = Release;
		};
		B4E3E47122BCDC7B00209ED1 /* Debug */ = {
			isa = XCBuildConfiguration;
			buildSettings = {
				BUNDLE_LOADER = "$(TEST_HOST)";
				CODE_SIGN_STYLE = Automatic;
				DEVELOPMENT_TEAM = D56T97Z29X;
				INFOPLIST_FILE = YNCommonUtilsDemoTests/Info.plist;
				LD_RUNPATH_SEARCH_PATHS = (
					"$(inherited)",
					"@executable_path/Frameworks",
					"@loader_path/Frameworks",
				);
				PRODUCT_BUNDLE_IDENTIFIER = com.liyang.YNCommonUtilsDemoTests;
				PRODUCT_NAME = "$(TARGET_NAME)";
				TARGETED_DEVICE_FAMILY = "1,2";
				TEST_HOST = "$(BUILT_PRODUCTS_DIR)/YNCommonUtilsDemo.app/YNCommonUtilsDemo";
			};
			name = Debug;
		};
		B4E3E47222BCDC7B00209ED1 /* Release */ = {
			isa = XCBuildConfiguration;
			buildSettings = {
				BUNDLE_LOADER = "$(TEST_HOST)";
				CODE_SIGN_STYLE = Automatic;
				DEVELOPMENT_TEAM = D56T97Z29X;
				INFOPLIST_FILE = YNCommonUtilsDemoTests/Info.plist;
				LD_RUNPATH_SEARCH_PATHS = (
					"$(inherited)",
					"@executable_path/Frameworks",
					"@loader_path/Frameworks",
				);
				PRODUCT_BUNDLE_IDENTIFIER = com.liyang.YNCommonUtilsDemoTests;
				PRODUCT_NAME = "$(TARGET_NAME)";
				TARGETED_DEVICE_FAMILY = "1,2";
				TEST_HOST = "$(BUILT_PRODUCTS_DIR)/YNCommonUtilsDemo.app/YNCommonUtilsDemo";
			};
			name = Release;
		};
		B4E3E47422BCDC7B00209ED1 /* Debug */ = {
			isa = XCBuildConfiguration;
			buildSettings = {
				CODE_SIGN_STYLE = Automatic;
				DEVELOPMENT_TEAM = D56T97Z29X;
				INFOPLIST_FILE = YNCommonUtilsDemoUITests/Info.plist;
				LD_RUNPATH_SEARCH_PATHS = (
					"$(inherited)",
					"@executable_path/Frameworks",
					"@loader_path/Frameworks",
				);
				PRODUCT_BUNDLE_IDENTIFIER = com.liyang.YNCommonUtilsDemoUITests;
				PRODUCT_NAME = "$(TARGET_NAME)";
				TARGETED_DEVICE_FAMILY = "1,2";
				TEST_TARGET_NAME = YNCommonUtilsDemo;
			};
			name = Debug;
		};
		B4E3E47522BCDC7B00209ED1 /* Release */ = {
			isa = XCBuildConfiguration;
			buildSettings = {
				CODE_SIGN_STYLE = Automatic;
				DEVELOPMENT_TEAM = D56T97Z29X;
				INFOPLIST_FILE = YNCommonUtilsDemoUITests/Info.plist;
				LD_RUNPATH_SEARCH_PATHS = (
					"$(inherited)",
					"@executable_path/Frameworks",
					"@loader_path/Frameworks",
				);
				PRODUCT_BUNDLE_IDENTIFIER = com.liyang.YNCommonUtilsDemoUITests;
				PRODUCT_NAME = "$(TARGET_NAME)";
				TARGETED_DEVICE_FAMILY = "1,2";
				TEST_TARGET_NAME = YNCommonUtilsDemo;
			};
			name = Release;
		};
/* End XCBuildConfiguration section */

/* Begin XCConfigurationList section */
		B4E3E43C22BCDC7A00209ED1 /* Build configuration list for PBXProject "YNCommonUtilsDemo" */ = {
			isa = XCConfigurationList;
			buildConfigurations = (
				B4E3E46B22BCDC7B00209ED1 /* Debug */,
				B4E3E46C22BCDC7B00209ED1 /* Release */,
			);
			defaultConfigurationIsVisible = 0;
			defaultConfigurationName = Release;
		};
		B4E3E46D22BCDC7B00209ED1 /* Build configuration list for PBXNativeTarget "YNCommonUtilsDemo" */ = {
			isa = XCConfigurationList;
			buildConfigurations = (
				B4E3E46E22BCDC7B00209ED1 /* Debug */,
				B4E3E46F22BCDC7B00209ED1 /* Release */,
			);
			defaultConfigurationIsVisible = 0;
			defaultConfigurationName = Release;
		};
		B4E3E47022BCDC7B00209ED1 /* Build configuration list for PBXNativeTarget "YNCommonUtilsDemoTests" */ = {
			isa = XCConfigurationList;
			buildConfigurations = (
				B4E3E47122BCDC7B00209ED1 /* Debug */,
				B4E3E47222BCDC7B00209ED1 /* Release */,
			);
			defaultConfigurationIsVisible = 0;
			defaultConfigurationName = Release;
		};
		B4E3E47322BCDC7B00209ED1 /* Build configuration list for PBXNativeTarget "YNCommonUtilsDemoUITests" */ = {
			isa = XCConfigurationList;
			buildConfigurations = (
				B4E3E47422BCDC7B00209ED1 /* Debug */,
				B4E3E47522BCDC7B00209ED1 /* Release */,
			);
			defaultConfigurationIsVisible = 0;
			defaultConfigurationName = Release;
		};
/* End XCConfigurationList section */
	};
	rootObject = B4E3E43922BCDC7A00209ED1 /* Project object */;
}
